
Microsoft Visual Studio Solution File, Format Version 12.00
# Visual Studio Version 16
VisualStudioVersion = 16.0.30804.86
MinimumVisualStudioVersion = 10.0.40219.1
Project("{FAE04EC0-301F-11D3-BF4B-00C04F79EFBC}") = "StringDemos", "StringDemos.csproj", "{DE409C88-015A-418D-8091-A3BFC7D9D252}"
EndProject
Global
	GlobalSection(SolutionConfigurationPlatforms) = preSolution
		Debug|Any CPU = Debug|Any CPU
		Release|Any CPU = Release|Any CPU
	EndGlobalSection
	GlobalSection(ProjectConfigurationPlatforms) = postSolution
		{DE409C88-015A-418D-8091-A3BFC7D9D252}.Debug|Any CPU.ActiveCfg = Debug|Any CPU
		{DE409C88-015A-418D-8091-A3BFC7D9D252}.Debug|Any CPU.Build.0 = Debug|Any CPU
		{DE409C88-015A-418D-8091-A3BFC7D9D252}.Release|Any CPU.ActiveCfg = Release|Any CPU
		{DE409C88-015A-418D-8091-A3BFC7D9D252}.Release|Any CPU.Build.0 = Release|Any CPU
	EndGlobalSection
	GlobalSection(SolutionProperties) = preSolution
		HideSolutionNode = FALSE
	EndGlobalSection
	GlobalSection(ExtensibilityGlobals) = postSolution
		SolutionGuid = {2E467026-E63F-4AE9-90A5-E9AF4CB6C0CF}
	EndGlobalSection
EndGlobal
