
Microsoft Visual Studio Solution File, Format Version 12.00
# Visual Studio 2013
VisualStudioVersion = 12.0.21005.1
MinimumVisualStudioVersion = 10.0.40219.1
Project("{FAE04EC0-301F-11D3-BF4B-00C04F79EFBC}") = "IlluCSharp", "IlluCSharp\IlluCSharp.csproj", "{720E961C-3444-471A-AD22-2D73659EC0E5}"
EndProject
Project("{FAE04EC0-301F-11D3-BF4B-00C04F79EFBC}") = "DelegateDemo", "DelegateDemo\DelegateDemo.csproj", "{66A49DD1-5C03-49BA-AAB5-E0196E9EAF49}"
EndProject
Project("{FAE04EC0-301F-11D3-BF4B-00C04F79EFBC}") = "ObjectInitializers", "ObjectInitializers\ObjectInitializers.csproj", "{75D21D5C-7226-4913-91BA-0148840CB75E}"
EndProject
Project("{FAE04EC0-301F-11D3-BF4B-00C04F79EFBC}") = "ThisKeyword", "ThisKeyword\ThisKeyword.csproj", "{5CCB0F3F-DA34-46B7-B7BA-4FA460B1F12A}"
EndProject
Project("{FAE04EC0-301F-11D3-BF4B-00C04F79EFBC}") = "IndexerEmployee", "IndexerEmployee\IndexerEmployee.csproj", "{F2838443-7961-4DAD-BA08-A5DA3AE52E8D}"
EndProject
Project("{FAE04EC0-301F-11D3-BF4B-00C04F79EFBC}") = "ModifiersOnAccessors", "ModifiersOnAccessors\ModifiersOnAccessors.csproj", "{A314B2C8-F6A5-4B08-9F7C-4C18777A1BF5}"
EndProject
Project("{FAE04EC0-301F-11D3-BF4B-00C04F79EFBC}") = "PartialFunc", "PartialFunc\PartialFunc.csproj", "{8D04E5A1-3629-4166-9CCB-6F35990F9137}"
EndProject
Project("{FAE04EC0-301F-11D3-BF4B-00C04F79EFBC}") = "RefToBase", "RefToBase\RefToBase.csproj", "{3DD1AEAC-5D3A-4B2D-808A-34AD9C8C417B}"
EndProject
Project("{FAE04EC0-301F-11D3-BF4B-00C04F79EFBC}") = "VirtualOverride", "VirtualOverride\VirtualOverride.csproj", "{0482B883-694D-42A7-978B-9EF35768C6AE}"
EndProject
Project("{FAE04EC0-301F-11D3-BF4B-00C04F79EFBC}") = "OverridingMethod", "OverridingMethod\OverridingMethod.csproj", "{244E0EB0-6F94-4AC3-AB5D-5CFD39EFD706}"
EndProject
Project("{FAE04EC0-301F-11D3-BF4B-00C04F79EFBC}") = "OverridingOther", "OverridingOther\OverridingOther.csproj", "{7EE3FE50-B4F4-473F-9807-D3CACCA43149}"
EndProject
Project("{FAE04EC0-301F-11D3-BF4B-00C04F79EFBC}") = "OverridingOtherMember", "OverridingOtherMember\OverridingOtherMember.csproj", "{264E87C5-DCB5-4365-8A51-E53C8E2549AF}"
EndProject
Project("{FAE04EC0-301F-11D3-BF4B-00C04F79EFBC}") = "ConstructorInit", "ConstructorInit\ConstructorInit.csproj", "{01FDDEC9-CE06-4307-B464-02BF67ABB6ED}"
EndProject
Project("{FAE04EC0-301F-11D3-BF4B-00C04F79EFBC}") = "InheritanceAssemblies", "InheritanceAssemblies\InheritanceAssemblies.csproj", "{2BC21D45-D29A-49A0-8004-39BCB2F8B9DB}"
EndProject
Project("{FAE04EC0-301F-11D3-BF4B-00C04F79EFBC}") = "SuperLib", "SuperLib\SuperLib.csproj", "{FDEF7687-D520-4BFD-BC32-E4154A9E955D}"
EndProject
Project("{FAE04EC0-301F-11D3-BF4B-00C04F79EFBC}") = "AbstractDemo1", "AbstractDemo1\AbstractDemo1.csproj", "{D5170E95-93E2-43B9-95D8-3BF9C6C3B3AE}"
EndProject
Project("{FAE04EC0-301F-11D3-BF4B-00C04F79EFBC}") = "Abstract", "Abstract\Abstract.csproj", "{D0841F46-7FA6-47AE-BF27-94B3100F4F6B}"
EndProject
Project("{FAE04EC0-301F-11D3-BF4B-00C04F79EFBC}") = "StaticClasses", "StaticClasses\StaticClasses.csproj", "{C2EBB2B2-A91E-4C66-BF70-60742CEEC1D0}"
EndProject
Project("{FAE04EC0-301F-11D3-BF4B-00C04F79EFBC}") = "ExtensionMethods", "ExtensionMethods\ExtensionMethods.csproj", "{286DE886-78AC-4811-8829-602C26FA49E9}"
EndProject
Project("{FAE04EC0-301F-11D3-BF4B-00C04F79EFBC}") = "RelationalAndEquiality", "RelationalAndEquiality\RelationalAndEquiality.csproj", "{65976F4D-745C-4998-8C91-55E36414B145}"
EndProject
Project("{FAE04EC0-301F-11D3-BF4B-00C04F79EFBC}") = "UserDefinedImplicit", "UserDefinedImplicit\UserDefinedImplicit.csproj", "{C3C7D966-DDEA-4E26-9524-1F143CBDB8BE}"
EndProject
Project("{FAE04EC0-301F-11D3-BF4B-00C04F79EFBC}") = "OperatorOverloading", "OperatorOverloading\OperatorOverloading.csproj", "{385EC583-AF3D-4CDA-B419-3DA95556ED1D}"
EndProject
Project("{FAE04EC0-301F-11D3-BF4B-00C04F79EFBC}") = "TypeOfOperator", "TypeOfOperator\TypeOfOperator.csproj", "{3E32E698-3727-45F5-8F33-FCB051EDADA9}"
EndProject
Project("{FAE04EC0-301F-11D3-BF4B-00C04F79EFBC}") = "GotoStatement", "GotoStatement\GotoStatement.csproj", "{AAA17396-23F8-47B0-B142-2B6E6BE17978}"
EndProject
Project("{FAE04EC0-301F-11D3-BF4B-00C04F79EFBC}") = "UsingStatement", "UsingStatement\UsingStatement.csproj", "{9A652F15-6870-4C49-AA4A-DACB477C702C}"
EndProject
Project("{FAE04EC0-301F-11D3-BF4B-00C04F79EFBC}") = "AssigningStruct", "AssigningStruct\AssigningStruct.csproj", "{5A316907-1436-43D7-B686-8C4EADAFD5EB}"
EndProject
Project("{FAE04EC0-301F-11D3-BF4B-00C04F79EFBC}") = "EnumDemo1", "EnumDemo1\EnumDemo1.csproj", "{756ACA56-A561-491E-93AD-BEA831309D46}"
EndProject
Project("{FAE04EC0-301F-11D3-BF4B-00C04F79EFBC}") = "FlagsAttribute", "FlagsAttribute\FlagsAttribute.csproj", "{826B0AAD-2036-41AE-B3E4-AD2BF6B5DF81}"
EndProject
Project("{FAE04EC0-301F-11D3-BF4B-00C04F79EFBC}") = "MoreEnums", "MoreEnums\MoreEnums.csproj", "{16421A4A-2AB3-4C6E-99D9-511D2A9CCE13}"
EndProject
Project("{FAE04EC0-301F-11D3-BF4B-00C04F79EFBC}") = "OneDimensional", "OneDimensional\OneDimensional.csproj", "{D9E38E6F-7D03-425D-8000-955A2BCAEC8A}"
EndProject
Project("{FAE04EC0-301F-11D3-BF4B-00C04F79EFBC}") = "SubarraysJagged", "SubarraysJagged\SubarraysJagged.csproj", "{70E67F3A-3AE4-43A0-A89C-5B0CCC6AF3F9}"
EndProject
Project("{FAE04EC0-301F-11D3-BF4B-00C04F79EFBC}") = "TheForeach", "TheForeach\TheForeach.csproj", "{0783AF4E-225D-4BA2-8B5F-C84DD628A951}"
EndProject
Project("{FAE04EC0-301F-11D3-BF4B-00C04F79EFBC}") = "ExampleJaggedArray", "ExampleJaggedArray\ExampleJaggedArray.csproj", "{FEDE1352-1A7F-41A9-B771-868ED689DCD7}"
EndProject
Project("{FAE04EC0-301F-11D3-BF4B-00C04F79EFBC}") = "TheCloneMethod", "TheCloneMethod\TheCloneMethod.csproj", "{2F7DFA6D-1C3D-4787-8F71-84C8A7C92E6D}"
EndProject
Project("{FAE04EC0-301F-11D3-BF4B-00C04F79EFBC}") = "WhatDelegate", "WhatDelegate\WhatDelegate.csproj", "{EC87A752-3CF0-42C3-88D7-6FD0714D96AE}"
EndProject
Project("{FAE04EC0-301F-11D3-BF4B-00C04F79EFBC}") = "DelegateExample", "DelegateExample\DelegateExample.csproj", "{A56A8873-EE95-4E1E-A7E3-8EB248ED43C6}"
EndProject
Project("{FAE04EC0-301F-11D3-BF4B-00C04F79EFBC}") = "DelegatesReturnValues", "DelegatesReturnValues\DelegatesReturnValues.csproj", "{00DA095E-E7DD-4BD9-BFF1-78FFCF706E41}"
EndProject
Project("{FAE04EC0-301F-11D3-BF4B-00C04F79EFBC}") = "DelegatesWithReference", "DelegatesWithReference\DelegatesWithReference.csproj", "{4394B713-B725-4CDF-8342-9FFE39F8F094}"
EndProject
Project("{FAE04EC0-301F-11D3-BF4B-00C04F79EFBC}") = "AnonymousMethods", "AnonymousMethods\AnonymousMethods.csproj", "{85653412-5D5E-40C0-9197-D9346D93315E}"
EndProject
Project("{FAE04EC0-301F-11D3-BF4B-00C04F79EFBC}") = "ExtensionCapturedVariable", "ExtensionCapturedVariable\ExtensionCapturedVariable.csproj", "{48058867-DBF2-4E99-A094-A52BAD00ED94}"
EndProject
Project("{FAE04EC0-301F-11D3-BF4B-00C04F79EFBC}") = "LambdaExpressions", "LambdaExpressions\LambdaExpressions.csproj", "{1A134F87-F610-4D6B-91E3-2D1F389D7F32}"
EndProject
Project("{FAE04EC0-301F-11D3-BF4B-00C04F79EFBC}") = "RaisingEvent", "RaisingEvent\RaisingEvent.csproj", "{EA67BF6B-D5DC-4D7C-ADBE-9504CF6797D1}"
EndProject
Project("{FAE04EC0-301F-11D3-BF4B-00C04F79EFBC}") = "WhatIsInterface", "WhatIsInterface\WhatIsInterface.csproj", "{E8CC5866-089C-42B7-AB9A-703195DAF1E9}"
EndProject
Project("{FAE04EC0-301F-11D3-BF4B-00C04F79EFBC}") = "IComarableExam", "IComarableExam\IComarableExam.csproj", "{30013540-014B-4DD1-9134-54B5A6E62CF4}"
EndProject
Global
	GlobalSection(SolutionConfigurationPlatforms) = preSolution
		Debug|Any CPU = Debug|Any CPU
		Release|Any CPU = Release|Any CPU
	EndGlobalSection
	GlobalSection(ProjectConfigurationPlatforms) = postSolution
		{720E961C-3444-471A-AD22-2D73659EC0E5}.Debug|Any CPU.ActiveCfg = Debug|Any CPU
		{720E961C-3444-471A-AD22-2D73659EC0E5}.Debug|Any CPU.Build.0 = Debug|Any CPU
		{720E961C-3444-471A-AD22-2D73659EC0E5}.Release|Any CPU.ActiveCfg = Release|Any CPU
		{720E961C-3444-471A-AD22-2D73659EC0E5}.Release|Any CPU.Build.0 = Release|Any CPU
		{66A49DD1-5C03-49BA-AAB5-E0196E9EAF49}.Debug|Any CPU.ActiveCfg = Debug|Any CPU
		{66A49DD1-5C03-49BA-AAB5-E0196E9EAF49}.Debug|Any CPU.Build.0 = Debug|Any CPU
		{66A49DD1-5C03-49BA-AAB5-E0196E9EAF49}.Release|Any CPU.ActiveCfg = Release|Any CPU
		{66A49DD1-5C03-49BA-AAB5-E0196E9EAF49}.Release|Any CPU.Build.0 = Release|Any CPU
		{75D21D5C-7226-4913-91BA-0148840CB75E}.Debug|Any CPU.ActiveCfg = Debug|Any CPU
		{75D21D5C-7226-4913-91BA-0148840CB75E}.Debug|Any CPU.Build.0 = Debug|Any CPU
		{75D21D5C-7226-4913-91BA-0148840CB75E}.Release|Any CPU.ActiveCfg = Release|Any CPU
		{75D21D5C-7226-4913-91BA-0148840CB75E}.Release|Any CPU.Build.0 = Release|Any CPU
		{5CCB0F3F-DA34-46B7-B7BA-4FA460B1F12A}.Debug|Any CPU.ActiveCfg = Debug|Any CPU
		{5CCB0F3F-DA34-46B7-B7BA-4FA460B1F12A}.Debug|Any CPU.Build.0 = Debug|Any CPU
		{5CCB0F3F-DA34-46B7-B7BA-4FA460B1F12A}.Release|Any CPU.ActiveCfg = Release|Any CPU
		{5CCB0F3F-DA34-46B7-B7BA-4FA460B1F12A}.Release|Any CPU.Build.0 = Release|Any CPU
		{F2838443-7961-4DAD-BA08-A5DA3AE52E8D}.Debug|Any CPU.ActiveCfg = Debug|Any CPU
		{F2838443-7961-4DAD-BA08-A5DA3AE52E8D}.Debug|Any CPU.Build.0 = Debug|Any CPU
		{F2838443-7961-4DAD-BA08-A5DA3AE52E8D}.Release|Any CPU.ActiveCfg = Release|Any CPU
		{F2838443-7961-4DAD-BA08-A5DA3AE52E8D}.Release|Any CPU.Build.0 = Release|Any CPU
		{A314B2C8-F6A5-4B08-9F7C-4C18777A1BF5}.Debug|Any CPU.ActiveCfg = Debug|Any CPU
		{A314B2C8-F6A5-4B08-9F7C-4C18777A1BF5}.Debug|Any CPU.Build.0 = Debug|Any CPU
		{A314B2C8-F6A5-4B08-9F7C-4C18777A1BF5}.Release|Any CPU.ActiveCfg = Release|Any CPU
		{A314B2C8-F6A5-4B08-9F7C-4C18777A1BF5}.Release|Any CPU.Build.0 = Release|Any CPU
		{8D04E5A1-3629-4166-9CCB-6F35990F9137}.Debug|Any CPU.ActiveCfg = Debug|Any CPU
		{8D04E5A1-3629-4166-9CCB-6F35990F9137}.Debug|Any CPU.Build.0 = Debug|Any CPU
		{8D04E5A1-3629-4166-9CCB-6F35990F9137}.Release|Any CPU.ActiveCfg = Release|Any CPU
		{8D04E5A1-3629-4166-9CCB-6F35990F9137}.Release|Any CPU.Build.0 = Release|Any CPU
		{3DD1AEAC-5D3A-4B2D-808A-34AD9C8C417B}.Debug|Any CPU.ActiveCfg = Debug|Any CPU
		{3DD1AEAC-5D3A-4B2D-808A-34AD9C8C417B}.Debug|Any CPU.Build.0 = Debug|Any CPU
		{3DD1AEAC-5D3A-4B2D-808A-34AD9C8C417B}.Release|Any CPU.ActiveCfg = Release|Any CPU
		{3DD1AEAC-5D3A-4B2D-808A-34AD9C8C417B}.Release|Any CPU.Build.0 = Release|Any CPU
		{0482B883-694D-42A7-978B-9EF35768C6AE}.Debug|Any CPU.ActiveCfg = Debug|Any CPU
		{0482B883-694D-42A7-978B-9EF35768C6AE}.Debug|Any CPU.Build.0 = Debug|Any CPU
		{0482B883-694D-42A7-978B-9EF35768C6AE}.Release|Any CPU.ActiveCfg = Release|Any CPU
		{0482B883-694D-42A7-978B-9EF35768C6AE}.Release|Any CPU.Build.0 = Release|Any CPU
		{244E0EB0-6F94-4AC3-AB5D-5CFD39EFD706}.Debug|Any CPU.ActiveCfg = Debug|Any CPU
		{244E0EB0-6F94-4AC3-AB5D-5CFD39EFD706}.Debug|Any CPU.Build.0 = Debug|Any CPU
		{244E0EB0-6F94-4AC3-AB5D-5CFD39EFD706}.Release|Any CPU.ActiveCfg = Release|Any CPU
		{244E0EB0-6F94-4AC3-AB5D-5CFD39EFD706}.Release|Any CPU.Build.0 = Release|Any CPU
		{7EE3FE50-B4F4-473F-9807-D3CACCA43149}.Debug|Any CPU.ActiveCfg = Debug|Any CPU
		{7EE3FE50-B4F4-473F-9807-D3CACCA43149}.Debug|Any CPU.Build.0 = Debug|Any CPU
		{7EE3FE50-B4F4-473F-9807-D3CACCA43149}.Release|Any CPU.ActiveCfg = Release|Any CPU
		{7EE3FE50-B4F4-473F-9807-D3CACCA43149}.Release|Any CPU.Build.0 = Release|Any CPU
		{264E87C5-DCB5-4365-8A51-E53C8E2549AF}.Debug|Any CPU.ActiveCfg = Debug|Any CPU
		{264E87C5-DCB5-4365-8A51-E53C8E2549AF}.Debug|Any CPU.Build.0 = Debug|Any CPU
		{264E87C5-DCB5-4365-8A51-E53C8E2549AF}.Release|Any CPU.ActiveCfg = Release|Any CPU
		{264E87C5-DCB5-4365-8A51-E53C8E2549AF}.Release|Any CPU.Build.0 = Release|Any CPU
		{01FDDEC9-CE06-4307-B464-02BF67ABB6ED}.Debug|Any CPU.ActiveCfg = Debug|Any CPU
		{01FDDEC9-CE06-4307-B464-02BF67ABB6ED}.Debug|Any CPU.Build.0 = Debug|Any CPU
		{01FDDEC9-CE06-4307-B464-02BF67ABB6ED}.Release|Any CPU.ActiveCfg = Release|Any CPU
		{01FDDEC9-CE06-4307-B464-02BF67ABB6ED}.Release|Any CPU.Build.0 = Release|Any CPU
		{2BC21D45-D29A-49A0-8004-39BCB2F8B9DB}.Debug|Any CPU.ActiveCfg = Debug|Any CPU
		{2BC21D45-D29A-49A0-8004-39BCB2F8B9DB}.Debug|Any CPU.Build.0 = Debug|Any CPU
		{2BC21D45-D29A-49A0-8004-39BCB2F8B9DB}.Release|Any CPU.ActiveCfg = Release|Any CPU
		{2BC21D45-D29A-49A0-8004-39BCB2F8B9DB}.Release|Any CPU.Build.0 = Release|Any CPU
		{FDEF7687-D520-4BFD-BC32-E4154A9E955D}.Debug|Any CPU.ActiveCfg = Debug|Any CPU
		{FDEF7687-D520-4BFD-BC32-E4154A9E955D}.Debug|Any CPU.Build.0 = Debug|Any CPU
		{FDEF7687-D520-4BFD-BC32-E4154A9E955D}.Release|Any CPU.ActiveCfg = Release|Any CPU
		{FDEF7687-D520-4BFD-BC32-E4154A9E955D}.Release|Any CPU.Build.0 = Release|Any CPU
		{D5170E95-93E2-43B9-95D8-3BF9C6C3B3AE}.Debug|Any CPU.ActiveCfg = Debug|Any CPU
		{D5170E95-93E2-43B9-95D8-3BF9C6C3B3AE}.Debug|Any CPU.Build.0 = Debug|Any CPU
		{D5170E95-93E2-43B9-95D8-3BF9C6C3B3AE}.Release|Any CPU.ActiveCfg = Release|Any CPU
		{D5170E95-93E2-43B9-95D8-3BF9C6C3B3AE}.Release|Any CPU.Build.0 = Release|Any CPU
		{D0841F46-7FA6-47AE-BF27-94B3100F4F6B}.Debug|Any CPU.ActiveCfg = Debug|Any CPU
		{D0841F46-7FA6-47AE-BF27-94B3100F4F6B}.Debug|Any CPU.Build.0 = Debug|Any CPU
		{D0841F46-7FA6-47AE-BF27-94B3100F4F6B}.Release|Any CPU.ActiveCfg = Release|Any CPU
		{D0841F46-7FA6-47AE-BF27-94B3100F4F6B}.Release|Any CPU.Build.0 = Release|Any CPU
		{C2EBB2B2-A91E-4C66-BF70-60742CEEC1D0}.Debug|Any CPU.ActiveCfg = Debug|Any CPU
		{C2EBB2B2-A91E-4C66-BF70-60742CEEC1D0}.Debug|Any CPU.Build.0 = Debug|Any CPU
		{C2EBB2B2-A91E-4C66-BF70-60742CEEC1D0}.Release|Any CPU.ActiveCfg = Release|Any CPU
		{C2EBB2B2-A91E-4C66-BF70-60742CEEC1D0}.Release|Any CPU.Build.0 = Release|Any CPU
		{286DE886-78AC-4811-8829-602C26FA49E9}.Debug|Any CPU.ActiveCfg = Debug|Any CPU
		{286DE886-78AC-4811-8829-602C26FA49E9}.Debug|Any CPU.Build.0 = Debug|Any CPU
		{286DE886-78AC-4811-8829-602C26FA49E9}.Release|Any CPU.ActiveCfg = Release|Any CPU
		{286DE886-78AC-4811-8829-602C26FA49E9}.Release|Any CPU.Build.0 = Release|Any CPU
		{65976F4D-745C-4998-8C91-55E36414B145}.Debug|Any CPU.ActiveCfg = Debug|Any CPU
		{65976F4D-745C-4998-8C91-55E36414B145}.Debug|Any CPU.Build.0 = Debug|Any CPU
		{65976F4D-745C-4998-8C91-55E36414B145}.Release|Any CPU.ActiveCfg = Release|Any CPU
		{65976F4D-745C-4998-8C91-55E36414B145}.Release|Any CPU.Build.0 = Release|Any CPU
		{C3C7D966-DDEA-4E26-9524-1F143CBDB8BE}.Debug|Any CPU.ActiveCfg = Debug|Any CPU
		{C3C7D966-DDEA-4E26-9524-1F143CBDB8BE}.Debug|Any CPU.Build.0 = Debug|Any CPU
		{C3C7D966-DDEA-4E26-9524-1F143CBDB8BE}.Release|Any CPU.ActiveCfg = Release|Any CPU
		{C3C7D966-DDEA-4E26-9524-1F143CBDB8BE}.Release|Any CPU.Build.0 = Release|Any CPU
		{385EC583-AF3D-4CDA-B419-3DA95556ED1D}.Debug|Any CPU.ActiveCfg = Debug|Any CPU
		{385EC583-AF3D-4CDA-B419-3DA95556ED1D}.Debug|Any CPU.Build.0 = Debug|Any CPU
		{385EC583-AF3D-4CDA-B419-3DA95556ED1D}.Release|Any CPU.ActiveCfg = Release|Any CPU
		{385EC583-AF3D-4CDA-B419-3DA95556ED1D}.Release|Any CPU.Build.0 = Release|Any CPU
		{3E32E698-3727-45F5-8F33-FCB051EDADA9}.Debug|Any CPU.ActiveCfg = Debug|Any CPU
		{3E32E698-3727-45F5-8F33-FCB051EDADA9}.Debug|Any CPU.Build.0 = Debug|Any CPU
		{3E32E698-3727-45F5-8F33-FCB051EDADA9}.Release|Any CPU.ActiveCfg = Release|Any CPU
		{3E32E698-3727-45F5-8F33-FCB051EDADA9}.Release|Any CPU.Build.0 = Release|Any CPU
		{AAA17396-23F8-47B0-B142-2B6E6BE17978}.Debug|Any CPU.ActiveCfg = Debug|Any CPU
		{AAA17396-23F8-47B0-B142-2B6E6BE17978}.Debug|Any CPU.Build.0 = Debug|Any CPU
		{AAA17396-23F8-47B0-B142-2B6E6BE17978}.Release|Any CPU.ActiveCfg = Release|Any CPU
		{AAA17396-23F8-47B0-B142-2B6E6BE17978}.Release|Any CPU.Build.0 = Release|Any CPU
		{9A652F15-6870-4C49-AA4A-DACB477C702C}.Debug|Any CPU.ActiveCfg = Debug|Any CPU
		{9A652F15-6870-4C49-AA4A-DACB477C702C}.Debug|Any CPU.Build.0 = Debug|Any CPU
		{9A652F15-6870-4C49-AA4A-DACB477C702C}.Release|Any CPU.ActiveCfg = Release|Any CPU
		{9A652F15-6870-4C49-AA4A-DACB477C702C}.Release|Any CPU.Build.0 = Release|Any CPU
		{5A316907-1436-43D7-B686-8C4EADAFD5EB}.Debug|Any CPU.ActiveCfg = Debug|Any CPU
		{5A316907-1436-43D7-B686-8C4EADAFD5EB}.Debug|Any CPU.Build.0 = Debug|Any CPU
		{5A316907-1436-43D7-B686-8C4EADAFD5EB}.Release|Any CPU.ActiveCfg = Release|Any CPU
		{5A316907-1436-43D7-B686-8C4EADAFD5EB}.Release|Any CPU.Build.0 = Release|Any CPU
		{756ACA56-A561-491E-93AD-BEA831309D46}.Debug|Any CPU.ActiveCfg = Debug|Any CPU
		{756ACA56-A561-491E-93AD-BEA831309D46}.Debug|Any CPU.Build.0 = Debug|Any CPU
		{756ACA56-A561-491E-93AD-BEA831309D46}.Release|Any CPU.ActiveCfg = Release|Any CPU
		{756ACA56-A561-491E-93AD-BEA831309D46}.Release|Any CPU.Build.0 = Release|Any CPU
		{826B0AAD-2036-41AE-B3E4-AD2BF6B5DF81}.Debug|Any CPU.ActiveCfg = Debug|Any CPU
		{826B0AAD-2036-41AE-B3E4-AD2BF6B5DF81}.Debug|Any CPU.Build.0 = Debug|Any CPU
		{826B0AAD-2036-41AE-B3E4-AD2BF6B5DF81}.Release|Any CPU.ActiveCfg = Release|Any CPU
		{826B0AAD-2036-41AE-B3E4-AD2BF6B5DF81}.Release|Any CPU.Build.0 = Release|Any CPU
		{16421A4A-2AB3-4C6E-99D9-511D2A9CCE13}.Debug|Any CPU.ActiveCfg = Debug|Any CPU
		{16421A4A-2AB3-4C6E-99D9-511D2A9CCE13}.Debug|Any CPU.Build.0 = Debug|Any CPU
		{16421A4A-2AB3-4C6E-99D9-511D2A9CCE13}.Release|Any CPU.ActiveCfg = Release|Any CPU
		{16421A4A-2AB3-4C6E-99D9-511D2A9CCE13}.Release|Any CPU.Build.0 = Release|Any CPU
		{D9E38E6F-7D03-425D-8000-955A2BCAEC8A}.Debug|Any CPU.ActiveCfg = Debug|Any CPU
		{D9E38E6F-7D03-425D-8000-955A2BCAEC8A}.Debug|Any CPU.Build.0 = Debug|Any CPU
		{D9E38E6F-7D03-425D-8000-955A2BCAEC8A}.Release|Any CPU.ActiveCfg = Release|Any CPU
		{D9E38E6F-7D03-425D-8000-955A2BCAEC8A}.Release|Any CPU.Build.0 = Release|Any CPU
		{70E67F3A-3AE4-43A0-A89C-5B0CCC6AF3F9}.Debug|Any CPU.ActiveCfg = Debug|Any CPU
		{70E67F3A-3AE4-43A0-A89C-5B0CCC6AF3F9}.Debug|Any CPU.Build.0 = Debug|Any CPU
		{70E67F3A-3AE4-43A0-A89C-5B0CCC6AF3F9}.Release|Any CPU.ActiveCfg = Release|Any CPU
		{70E67F3A-3AE4-43A0-A89C-5B0CCC6AF3F9}.Release|Any CPU.Build.0 = Release|Any CPU
		{0783AF4E-225D-4BA2-8B5F-C84DD628A951}.Debug|Any CPU.ActiveCfg = Debug|Any CPU
		{0783AF4E-225D-4BA2-8B5F-C84DD628A951}.Debug|Any CPU.Build.0 = Debug|Any CPU
		{0783AF4E-225D-4BA2-8B5F-C84DD628A951}.Release|Any CPU.ActiveCfg = Release|Any CPU
		{0783AF4E-225D-4BA2-8B5F-C84DD628A951}.Release|Any CPU.Build.0 = Release|Any CPU
		{FEDE1352-1A7F-41A9-B771-868ED689DCD7}.Debug|Any CPU.ActiveCfg = Debug|Any CPU
		{FEDE1352-1A7F-41A9-B771-868ED689DCD7}.Debug|Any CPU.Build.0 = Debug|Any CPU
		{FEDE1352-1A7F-41A9-B771-868ED689DCD7}.Release|Any CPU.ActiveCfg = Release|Any CPU
		{FEDE1352-1A7F-41A9-B771-868ED689DCD7}.Release|Any CPU.Build.0 = Release|Any CPU
		{2F7DFA6D-1C3D-4787-8F71-84C8A7C92E6D}.Debug|Any CPU.ActiveCfg = Debug|Any CPU
		{2F7DFA6D-1C3D-4787-8F71-84C8A7C92E6D}.Debug|Any CPU.Build.0 = Debug|Any CPU
		{2F7DFA6D-1C3D-4787-8F71-84C8A7C92E6D}.Release|Any CPU.ActiveCfg = Release|Any CPU
		{2F7DFA6D-1C3D-4787-8F71-84C8A7C92E6D}.Release|Any CPU.Build.0 = Release|Any CPU
		{EC87A752-3CF0-42C3-88D7-6FD0714D96AE}.Debug|Any CPU.ActiveCfg = Debug|Any CPU
		{EC87A752-3CF0-42C3-88D7-6FD0714D96AE}.Debug|Any CPU.Build.0 = Debug|Any CPU
		{EC87A752-3CF0-42C3-88D7-6FD0714D96AE}.Release|Any CPU.ActiveCfg = Release|Any CPU
		{EC87A752-3CF0-42C3-88D7-6FD0714D96AE}.Release|Any CPU.Build.0 = Release|Any CPU
		{A56A8873-EE95-4E1E-A7E3-8EB248ED43C6}.Debug|Any CPU.ActiveCfg = Debug|Any CPU
		{A56A8873-EE95-4E1E-A7E3-8EB248ED43C6}.Debug|Any CPU.Build.0 = Debug|Any CPU
		{A56A8873-EE95-4E1E-A7E3-8EB248ED43C6}.Release|Any CPU.ActiveCfg = Release|Any CPU
		{A56A8873-EE95-4E1E-A7E3-8EB248ED43C6}.Release|Any CPU.Build.0 = Release|Any CPU
		{00DA095E-E7DD-4BD9-BFF1-78FFCF706E41}.Debug|Any CPU.ActiveCfg = Debug|Any CPU
		{00DA095E-E7DD-4BD9-BFF1-78FFCF706E41}.Debug|Any CPU.Build.0 = Debug|Any CPU
		{00DA095E-E7DD-4BD9-BFF1-78FFCF706E41}.Release|Any CPU.ActiveCfg = Release|Any CPU
		{00DA095E-E7DD-4BD9-BFF1-78FFCF706E41}.Release|Any CPU.Build.0 = Release|Any CPU
		{4394B713-B725-4CDF-8342-9FFE39F8F094}.Debug|Any CPU.ActiveCfg = Debug|Any CPU
		{4394B713-B725-4CDF-8342-9FFE39F8F094}.Debug|Any CPU.Build.0 = Debug|Any CPU
		{4394B713-B725-4CDF-8342-9FFE39F8F094}.Release|Any CPU.ActiveCfg = Release|Any CPU
		{4394B713-B725-4CDF-8342-9FFE39F8F094}.Release|Any CPU.Build.0 = Release|Any CPU
		{85653412-5D5E-40C0-9197-D9346D93315E}.Debug|Any CPU.ActiveCfg = Debug|Any CPU
		{85653412-5D5E-40C0-9197-D9346D93315E}.Debug|Any CPU.Build.0 = Debug|Any CPU
		{85653412-5D5E-40C0-9197-D9346D93315E}.Release|Any CPU.ActiveCfg = Release|Any CPU
		{85653412-5D5E-40C0-9197-D9346D93315E}.Release|Any CPU.Build.0 = Release|Any CPU
		{48058867-DBF2-4E99-A094-A52BAD00ED94}.Debug|Any CPU.ActiveCfg = Debug|Any CPU
		{48058867-DBF2-4E99-A094-A52BAD00ED94}.Debug|Any CPU.Build.0 = Debug|Any CPU
		{48058867-DBF2-4E99-A094-A52BAD00ED94}.Release|Any CPU.ActiveCfg = Release|Any CPU
		{48058867-DBF2-4E99-A094-A52BAD00ED94}.Release|Any CPU.Build.0 = Release|Any CPU
		{1A134F87-F610-4D6B-91E3-2D1F389D7F32}.Debug|Any CPU.ActiveCfg = Debug|Any CPU
		{1A134F87-F610-4D6B-91E3-2D1F389D7F32}.Debug|Any CPU.Build.0 = Debug|Any CPU
		{1A134F87-F610-4D6B-91E3-2D1F389D7F32}.Release|Any CPU.ActiveCfg = Release|Any CPU
		{1A134F87-F610-4D6B-91E3-2D1F389D7F32}.Release|Any CPU.Build.0 = Release|Any CPU
		{EA67BF6B-D5DC-4D7C-ADBE-9504CF6797D1}.Debug|Any CPU.ActiveCfg = Debug|Any CPU
		{EA67BF6B-D5DC-4D7C-ADBE-9504CF6797D1}.Debug|Any CPU.Build.0 = Debug|Any CPU
		{EA67BF6B-D5DC-4D7C-ADBE-9504CF6797D1}.Release|Any CPU.ActiveCfg = Release|Any CPU
		{EA67BF6B-D5DC-4D7C-ADBE-9504CF6797D1}.Release|Any CPU.Build.0 = Release|Any CPU
		{E8CC5866-089C-42B7-AB9A-703195DAF1E9}.Debug|Any CPU.ActiveCfg = Debug|Any CPU
		{E8CC5866-089C-42B7-AB9A-703195DAF1E9}.Debug|Any CPU.Build.0 = Debug|Any CPU
		{E8CC5866-089C-42B7-AB9A-703195DAF1E9}.Release|Any CPU.ActiveCfg = Release|Any CPU
		{E8CC5866-089C-42B7-AB9A-703195DAF1E9}.Release|Any CPU.Build.0 = Release|Any CPU
		{30013540-014B-4DD1-9134-54B5A6E62CF4}.Debug|Any CPU.ActiveCfg = Debug|Any CPU
		{30013540-014B-4DD1-9134-54B5A6E62CF4}.Debug|Any CPU.Build.0 = Debug|Any CPU
		{30013540-014B-4DD1-9134-54B5A6E62CF4}.Release|Any CPU.ActiveCfg = Release|Any CPU
		{30013540-014B-4DD1-9134-54B5A6E62CF4}.Release|Any CPU.Build.0 = Release|Any CPU
	EndGlobalSection
	GlobalSection(SolutionProperties) = preSolution
		HideSolutionNode = FALSE
	EndGlobalSection
EndGlobal
