
Microsoft Visual Studio Solution File, Format Version 12.00
# Visual Studio 2013
VisualStudioVersion = 12.0.21005.1
MinimumVisualStudioVersion = 10.0.40219.1
Project("{FAE04EC0-301F-11D3-BF4B-00C04F79EFBC}") = "IlluCSharp", "IlluCSharp\IlluCSharp.csproj", "{720E961C-3444-471A-AD22-2D73659EC0E5}"
EndProject
Project("{FAE04EC0-301F-11D3-BF4B-00C04F79EFBC}") = "DelegateDemo", "DelegateDemo\DelegateDemo.csproj", "{66A49DD1-5C03-49BA-AAB5-E0196E9EAF49}"
EndProject
Project("{FAE04EC0-301F-11D3-BF4B-00C04F79EFBC}") = "ObjectInitializers", "ObjectInitializers\ObjectInitializers.csproj", "{75D21D5C-7226-4913-91BA-0148840CB75E}"
EndProject
Project("{FAE04EC0-301F-11D3-BF4B-00C04F79EFBC}") = "ThisKeyword", "ThisKeyword\ThisKeyword.csproj", "{5CCB0F3F-DA34-46B7-B7BA-4FA460B1F12A}"
EndProject
Project("{FAE04EC0-301F-11D3-BF4B-00C04F79EFBC}") = "IndexerEmployee", "IndexerEmployee\IndexerEmployee.csproj", "{F2838443-7961-4DAD-BA08-A5DA3AE52E8D}"
EndProject
Project("{FAE04EC0-301F-11D3-BF4B-00C04F79EFBC}") = "ModifiersOnAccessors", "ModifiersOnAccessors\ModifiersOnAccessors.csproj", "{A314B2C8-F6A5-4B08-9F7C-4C18777A1BF5}"
EndProject
Project("{FAE04EC0-301F-11D3-BF4B-00C04F79EFBC}") = "PartialFunc", "PartialFunc\PartialFunc.csproj", "{8D04E5A1-3629-4166-9CCB-6F35990F9137}"
EndProject
Project("{FAE04EC0-301F-11D3-BF4B-00C04F79EFBC}") = "RefToBase", "RefToBase\RefToBase.csproj", "{3DD1AEAC-5D3A-4B2D-808A-34AD9C8C417B}"
EndProject
Project("{FAE04EC0-301F-11D3-BF4B-00C04F79EFBC}") = "VirtualOverride", "VirtualOverride\VirtualOverride.csproj", "{0482B883-694D-42A7-978B-9EF35768C6AE}"
EndProject
Project("{FAE04EC0-301F-11D3-BF4B-00C04F79EFBC}") = "OverridingMethod", "OverridingMethod\OverridingMethod.csproj", "{244E0EB0-6F94-4AC3-AB5D-5CFD39EFD706}"
EndProject
Project("{FAE04EC0-301F-11D3-BF4B-00C04F79EFBC}") = "OverridingOther", "OverridingOther\OverridingOther.csproj", "{7EE3FE50-B4F4-473F-9807-D3CACCA43149}"
EndProject
Project("{FAE04EC0-301F-11D3-BF4B-00C04F79EFBC}") = "OverridingOtherMember", "OverridingOtherMember\OverridingOtherMember.csproj", "{264E87C5-DCB5-4365-8A51-E53C8E2549AF}"
EndProject
Project("{FAE04EC0-301F-11D3-BF4B-00C04F79EFBC}") = "ConstructorInit", "ConstructorInit\ConstructorInit.csproj", "{01FDDEC9-CE06-4307-B464-02BF67ABB6ED}"
EndProject
Project("{FAE04EC0-301F-11D3-BF4B-00C04F79EFBC}") = "InheritanceAssemblies", "InheritanceAssemblies\InheritanceAssemblies.csproj", "{2BC21D45-D29A-49A0-8004-39BCB2F8B9DB}"
EndProject
Project("{FAE04EC0-301F-11D3-BF4B-00C04F79EFBC}") = "SuperLib", "SuperLib\SuperLib.csproj", "{FDEF7687-D520-4BFD-BC32-E4154A9E955D}"
EndProject
Project("{FAE04EC0-301F-11D3-BF4B-00C04F79EFBC}") = "AbstractDemo1", "AbstractDemo1\AbstractDemo1.csproj", "{D5170E95-93E2-43B9-95D8-3BF9C6C3B3AE}"
EndProject
Project("{FAE04EC0-301F-11D3-BF4B-00C04F79EFBC}") = "Abstract", "Abstract\Abstract.csproj", "{D0841F46-7FA6-47AE-BF27-94B3100F4F6B}"
EndProject
Project("{FAE04EC0-301F-11D3-BF4B-00C04F79EFBC}") = "StaticClasses", "StaticClasses\StaticClasses.csproj", "{C2EBB2B2-A91E-4C66-BF70-60742CEEC1D0}"
EndProject
Project("{FAE04EC0-301F-11D3-BF4B-00C04F79EFBC}") = "ExtensionMethods", "ExtensionMethods\ExtensionMethods.csproj", "{286DE886-78AC-4811-8829-602C26FA49E9}"
EndProject
Global
	GlobalSection(SolutionConfigurationPlatforms) = preSolution
		Debug|Any CPU = Debug|Any CPU
		Release|Any CPU = Release|Any CPU
	EndGlobalSection
	GlobalSection(ProjectConfigurationPlatforms) = postSolution
		{720E961C-3444-471A-AD22-2D73659EC0E5}.Debug|Any CPU.ActiveCfg = Debug|Any CPU
		{720E961C-3444-471A-AD22-2D73659EC0E5}.Debug|Any CPU.Build.0 = Debug|Any CPU
		{720E961C-3444-471A-AD22-2D73659EC0E5}.Release|Any CPU.ActiveCfg = Release|Any CPU
		{720E961C-3444-471A-AD22-2D73659EC0E5}.Release|Any CPU.Build.0 = Release|Any CPU
		{66A49DD1-5C03-49BA-AAB5-E0196E9EAF49}.Debug|Any CPU.ActiveCfg = Debug|Any CPU
		{66A49DD1-5C03-49BA-AAB5-E0196E9EAF49}.Debug|Any CPU.Build.0 = Debug|Any CPU
		{66A49DD1-5C03-49BA-AAB5-E0196E9EAF49}.Release|Any CPU.ActiveCfg = Release|Any CPU
		{66A49DD1-5C03-49BA-AAB5-E0196E9EAF49}.Release|Any CPU.Build.0 = Release|Any CPU
		{75D21D5C-7226-4913-91BA-0148840CB75E}.Debug|Any CPU.ActiveCfg = Debug|Any CPU
		{75D21D5C-7226-4913-91BA-0148840CB75E}.Debug|Any CPU.Build.0 = Debug|Any CPU
		{75D21D5C-7226-4913-91BA-0148840CB75E}.Release|Any CPU.ActiveCfg = Release|Any CPU
		{75D21D5C-7226-4913-91BA-0148840CB75E}.Release|Any CPU.Build.0 = Release|Any CPU
		{5CCB0F3F-DA34-46B7-B7BA-4FA460B1F12A}.Debug|Any CPU.ActiveCfg = Debug|Any CPU
		{5CCB0F3F-DA34-46B7-B7BA-4FA460B1F12A}.Debug|Any CPU.Build.0 = Debug|Any CPU
		{5CCB0F3F-DA34-46B7-B7BA-4FA460B1F12A}.Release|Any CPU.ActiveCfg = Release|Any CPU
		{5CCB0F3F-DA34-46B7-B7BA-4FA460B1F12A}.Release|Any CPU.Build.0 = Release|Any CPU
		{F2838443-7961-4DAD-BA08-A5DA3AE52E8D}.Debug|Any CPU.ActiveCfg = Debug|Any CPU
		{F2838443-7961-4DAD-BA08-A5DA3AE52E8D}.Debug|Any CPU.Build.0 = Debug|Any CPU
		{F2838443-7961-4DAD-BA08-A5DA3AE52E8D}.Release|Any CPU.ActiveCfg = Release|Any CPU
		{F2838443-7961-4DAD-BA08-A5DA3AE52E8D}.Release|Any CPU.Build.0 = Release|Any CPU
		{A314B2C8-F6A5-4B08-9F7C-4C18777A1BF5}.Debug|Any CPU.ActiveCfg = Debug|Any CPU
		{A314B2C8-F6A5-4B08-9F7C-4C18777A1BF5}.Debug|Any CPU.Build.0 = Debug|Any CPU
		{A314B2C8-F6A5-4B08-9F7C-4C18777A1BF5}.Release|Any CPU.ActiveCfg = Release|Any CPU
		{A314B2C8-F6A5-4B08-9F7C-4C18777A1BF5}.Release|Any CPU.Build.0 = Release|Any CPU
		{8D04E5A1-3629-4166-9CCB-6F35990F9137}.Debug|Any CPU.ActiveCfg = Debug|Any CPU
		{8D04E5A1-3629-4166-9CCB-6F35990F9137}.Debug|Any CPU.Build.0 = Debug|Any CPU
		{8D04E5A1-3629-4166-9CCB-6F35990F9137}.Release|Any CPU.ActiveCfg = Release|Any CPU
		{8D04E5A1-3629-4166-9CCB-6F35990F9137}.Release|Any CPU.Build.0 = Release|Any CPU
		{3DD1AEAC-5D3A-4B2D-808A-34AD9C8C417B}.Debug|Any CPU.ActiveCfg = Debug|Any CPU
		{3DD1AEAC-5D3A-4B2D-808A-34AD9C8C417B}.Debug|Any CPU.Build.0 = Debug|Any CPU
		{3DD1AEAC-5D3A-4B2D-808A-34AD9C8C417B}.Release|Any CPU.ActiveCfg = Release|Any CPU
		{3DD1AEAC-5D3A-4B2D-808A-34AD9C8C417B}.Release|Any CPU.Build.0 = Release|Any CPU
		{0482B883-694D-42A7-978B-9EF35768C6AE}.Debug|Any CPU.ActiveCfg = Debug|Any CPU
		{0482B883-694D-42A7-978B-9EF35768C6AE}.Debug|Any CPU.Build.0 = Debug|Any CPU
		{0482B883-694D-42A7-978B-9EF35768C6AE}.Release|Any CPU.ActiveCfg = Release|Any CPU
		{0482B883-694D-42A7-978B-9EF35768C6AE}.Release|Any CPU.Build.0 = Release|Any CPU
		{244E0EB0-6F94-4AC3-AB5D-5CFD39EFD706}.Debug|Any CPU.ActiveCfg = Debug|Any CPU
		{244E0EB0-6F94-4AC3-AB5D-5CFD39EFD706}.Debug|Any CPU.Build.0 = Debug|Any CPU
		{244E0EB0-6F94-4AC3-AB5D-5CFD39EFD706}.Release|Any CPU.ActiveCfg = Release|Any CPU
		{244E0EB0-6F94-4AC3-AB5D-5CFD39EFD706}.Release|Any CPU.Build.0 = Release|Any CPU
		{7EE3FE50-B4F4-473F-9807-D3CACCA43149}.Debug|Any CPU.ActiveCfg = Debug|Any CPU
		{7EE3FE50-B4F4-473F-9807-D3CACCA43149}.Debug|Any CPU.Build.0 = Debug|Any CPU
		{7EE3FE50-B4F4-473F-9807-D3CACCA43149}.Release|Any CPU.ActiveCfg = Release|Any CPU
		{7EE3FE50-B4F4-473F-9807-D3CACCA43149}.Release|Any CPU.Build.0 = Release|Any CPU
		{264E87C5-DCB5-4365-8A51-E53C8E2549AF}.Debug|Any CPU.ActiveCfg = Debug|Any CPU
		{264E87C5-DCB5-4365-8A51-E53C8E2549AF}.Debug|Any CPU.Build.0 = Debug|Any CPU
		{264E87C5-DCB5-4365-8A51-E53C8E2549AF}.Release|Any CPU.ActiveCfg = Release|Any CPU
		{264E87C5-DCB5-4365-8A51-E53C8E2549AF}.Release|Any CPU.Build.0 = Release|Any CPU
		{01FDDEC9-CE06-4307-B464-02BF67ABB6ED}.Debug|Any CPU.ActiveCfg = Debug|Any CPU
		{01FDDEC9-CE06-4307-B464-02BF67ABB6ED}.Debug|Any CPU.Build.0 = Debug|Any CPU
		{01FDDEC9-CE06-4307-B464-02BF67ABB6ED}.Release|Any CPU.ActiveCfg = Release|Any CPU
		{01FDDEC9-CE06-4307-B464-02BF67ABB6ED}.Release|Any CPU.Build.0 = Release|Any CPU
		{2BC21D45-D29A-49A0-8004-39BCB2F8B9DB}.Debug|Any CPU.ActiveCfg = Debug|Any CPU
		{2BC21D45-D29A-49A0-8004-39BCB2F8B9DB}.Debug|Any CPU.Build.0 = Debug|Any CPU
		{2BC21D45-D29A-49A0-8004-39BCB2F8B9DB}.Release|Any CPU.ActiveCfg = Release|Any CPU
		{2BC21D45-D29A-49A0-8004-39BCB2F8B9DB}.Release|Any CPU.Build.0 = Release|Any CPU
		{FDEF7687-D520-4BFD-BC32-E4154A9E955D}.Debug|Any CPU.ActiveCfg = Debug|Any CPU
		{FDEF7687-D520-4BFD-BC32-E4154A9E955D}.Debug|Any CPU.Build.0 = Debug|Any CPU
		{FDEF7687-D520-4BFD-BC32-E4154A9E955D}.Release|Any CPU.ActiveCfg = Release|Any CPU
		{FDEF7687-D520-4BFD-BC32-E4154A9E955D}.Release|Any CPU.Build.0 = Release|Any CPU
		{D5170E95-93E2-43B9-95D8-3BF9C6C3B3AE}.Debug|Any CPU.ActiveCfg = Debug|Any CPU
		{D5170E95-93E2-43B9-95D8-3BF9C6C3B3AE}.Debug|Any CPU.Build.0 = Debug|Any CPU
		{D5170E95-93E2-43B9-95D8-3BF9C6C3B3AE}.Release|Any CPU.ActiveCfg = Release|Any CPU
		{D5170E95-93E2-43B9-95D8-3BF9C6C3B3AE}.Release|Any CPU.Build.0 = Release|Any CPU
		{D0841F46-7FA6-47AE-BF27-94B3100F4F6B}.Debug|Any CPU.ActiveCfg = Debug|Any CPU
		{D0841F46-7FA6-47AE-BF27-94B3100F4F6B}.Debug|Any CPU.Build.0 = Debug|Any CPU
		{D0841F46-7FA6-47AE-BF27-94B3100F4F6B}.Release|Any CPU.ActiveCfg = Release|Any CPU
		{D0841F46-7FA6-47AE-BF27-94B3100F4F6B}.Release|Any CPU.Build.0 = Release|Any CPU
		{C2EBB2B2-A91E-4C66-BF70-60742CEEC1D0}.Debug|Any CPU.ActiveCfg = Debug|Any CPU
		{C2EBB2B2-A91E-4C66-BF70-60742CEEC1D0}.Debug|Any CPU.Build.0 = Debug|Any CPU
		{C2EBB2B2-A91E-4C66-BF70-60742CEEC1D0}.Release|Any CPU.ActiveCfg = Release|Any CPU
		{C2EBB2B2-A91E-4C66-BF70-60742CEEC1D0}.Release|Any CPU.Build.0 = Release|Any CPU
		{286DE886-78AC-4811-8829-602C26FA49E9}.Debug|Any CPU.ActiveCfg = Debug|Any CPU
		{286DE886-78AC-4811-8829-602C26FA49E9}.Debug|Any CPU.Build.0 = Debug|Any CPU
		{286DE886-78AC-4811-8829-602C26FA49E9}.Release|Any CPU.ActiveCfg = Release|Any CPU
		{286DE886-78AC-4811-8829-602C26FA49E9}.Release|Any CPU.Build.0 = Release|Any CPU
	EndGlobalSection
	GlobalSection(SolutionProperties) = preSolution
		HideSolutionNode = FALSE
	EndGlobalSection
EndGlobal
